
Microsoft Visual Studio Solution File, Format Version 12.00
# Visual Studio Version 17
VisualStudioVersion = 17.4.33213.308
MinimumVisualStudioVersion = 10.0.40219.1
Project("{FAE04EC0-301F-11D3-BF4B-00C04F79EFBC}") = "dotNet", "dotNet\dotNet.csproj", "{2043A619-89CF-4553-81BE-238D9479A465}"
EndProject
Global
	GlobalSection(SolutionConfigurationPlatforms) = preSolution
		Debug|Any CPU = Debug|Any CPU
		Release|Any CPU = Release|Any CPU
	EndGlobalSection
	GlobalSection(ProjectConfigurationPlatforms) = postSolution
		{2043A619-89CF-4553-81BE-238D9479A465}.Debug|Any CPU.ActiveCfg = Debug|Any CPU
		{2043A619-89CF-4553-81BE-238D9479A465}.Debug|Any CPU.Build.0 = Debug|Any CPU
		{2043A619-89CF-4553-81BE-238D9479A465}.Release|Any CPU.ActiveCfg = Release|Any CPU
		{2043A619-89CF-4553-81BE-238D9479A465}.Release|Any CPU.Build.0 = Release|Any CPU
	EndGlobalSection
	GlobalSection(SolutionProperties) = preSolution
		HideSolutionNode = FALSE
	EndGlobalSection
	GlobalSection(ExtensibilityGlobals) = postSolution
		SolutionGuid = {EBD93F82-396A-4B3A-85BA-27FC26064F45}
	EndGlobalSection
EndGlobal
